
Microsoft Visual Studio Solution File, Format Version 12.00
# Visual Studio Version 17
VisualStudioVersion = 17.7.34031.279
MinimumVisualStudioVersion = 10.0.40219.1
Project("{FAE04EC0-301F-11D3-BF4B-00C04F79EFBC}") = "Data", "Data\Data.csproj", "{D41A0115-6179-456C-BD21-29ED5AFDC149}"
EndProject
Project("{FAE04EC0-301F-11D3-BF4B-00C04F79EFBC}") = "Core", "Core\Core.csproj", "{9DF2B8EC-08B0-4068-98AF-02B6ABB1F5C0}"
EndProject
Project("{FAE04EC0-301F-11D3-BF4B-00C04F79EFBC}") = "Api", "Api\Api.csproj", "{E49CA473-476C-4150-9DA9-A6CC89C7E271}"
EndProject
Global
	GlobalSection(SolutionConfigurationPlatforms) = preSolution
		Debug|Any CPU = Debug|Any CPU
		Release|Any CPU = Release|Any CPU
	EndGlobalSection
	GlobalSection(ProjectConfigurationPlatforms) = postSolution
		{D41A0115-6179-456C-BD21-29ED5AFDC149}.Debug|Any CPU.ActiveCfg = Debug|Any CPU
		{D41A0115-6179-456C-BD21-29ED5AFDC149}.Debug|Any CPU.Build.0 = Debug|Any CPU
		{D41A0115-6179-456C-BD21-29ED5AFDC149}.Release|Any CPU.ActiveCfg = Release|Any CPU
		{D41A0115-6179-456C-BD21-29ED5AFDC149}.Release|Any CPU.Build.0 = Release|Any CPU
		{9DF2B8EC-08B0-4068-98AF-02B6ABB1F5C0}.Debug|Any CPU.ActiveCfg = Debug|Any CPU
		{9DF2B8EC-08B0-4068-98AF-02B6ABB1F5C0}.Debug|Any CPU.Build.0 = Debug|Any CPU
		{9DF2B8EC-08B0-4068-98AF-02B6ABB1F5C0}.Release|Any CPU.ActiveCfg = Release|Any CPU
		{9DF2B8EC-08B0-4068-98AF-02B6ABB1F5C0}.Release|Any CPU.Build.0 = Release|Any CPU
		{E49CA473-476C-4150-9DA9-A6CC89C7E271}.Debug|Any CPU.ActiveCfg = Debug|Any CPU
		{E49CA473-476C-4150-9DA9-A6CC89C7E271}.Debug|Any CPU.Build.0 = Debug|Any CPU
		{E49CA473-476C-4150-9DA9-A6CC89C7E271}.Release|Any CPU.ActiveCfg = Release|Any CPU
		{E49CA473-476C-4150-9DA9-A6CC89C7E271}.Release|Any CPU.Build.0 = Release|Any CPU
	EndGlobalSection
	GlobalSection(SolutionProperties) = preSolution
		HideSolutionNode = FALSE
	EndGlobalSection
	GlobalSection(ExtensibilityGlobals) = postSolution
		SolutionGuid = {94CC7E68-BBA6-4567-A697-4A3CD9DBB9E3}
	EndGlobalSection
EndGlobal
